// !$*UTF8*$!
{
	archiveVersion = 1;
	classes = {
	};
	objectVersion = 46;
	objects = {

/* Begin PBXBuildFile section */
		4426F0241C415A65000D661B /* Entity.m in Sources */ = {isa = PBXBuildFile; fileRef = 4426F0231C415A65000D661B /* Entity.m */; };
		4426F0271C415C82000D661B /* RenderableEntity.m in Sources */ = {isa = PBXBuildFile; fileRef = 4426F0261C415C82000D661B /* RenderableEntity.m */; };
		4426F02A1C415F92000D661B /* Camera.m in Sources */ = {isa = PBXBuildFile; fileRef = 4426F0291C415F92000D661B /* Camera.m */; };
		4445F38A1C41827B002E82C1 /* Math3D.m in Sources */ = {isa = PBXBuildFile; fileRef = 4445F3891C41827B002E82C1 /* Math3D.m */; };
		44502DB81C460EB60056734C /* TextShader.fsh in Resources */ = {isa = PBXBuildFile; fileRef = 44502DB71C460EB60056734C /* TextShader.fsh */; };
		44502DBA1C460EC10056734C /* TextShader.vsh in Resources */ = {isa = PBXBuildFile; fileRef = 44502DB91C460EC10056734C /* TextShader.vsh */; };
		44502DBD1C460F150056734C /* TextShader.mm in Sources */ = {isa = PBXBuildFile; fileRef = 44502DBC1C460F150056734C /* TextShader.mm */; };
		4492B8C91C3F187B006CC877 /* main.m in Sources */ = {isa = PBXBuildFile; fileRef = 4492B8C81C3F187B006CC877 /* main.m */; };
		4492B8CC1C3F187B006CC877 /* AppDelegate.m in Sources */ = {isa = PBXBuildFile; fileRef = 4492B8CB1C3F187B006CC877 /* AppDelegate.m */; };
		4492B8CE1C3F187B006CC877 /* StandardShader.fsh in Resources */ = {isa = PBXBuildFile; fileRef = 4492B8CD1C3F187B006CC877 /* StandardShader.fsh */; };
		4492B8D01C3F187B006CC877 /* StandardShader.vsh in Resources */ = {isa = PBXBuildFile; fileRef = 4492B8CF1C3F187B006CC877 /* StandardShader.vsh */; };
		4492B8D31C3F187B006CC877 /* GameViewController.m in Sources */ = {isa = PBXBuildFile; fileRef = 4492B8D21C3F187B006CC877 /* GameViewController.m */; };
		4492B8D61C3F187B006CC877 /* Main.storyboard in Resources */ = {isa = PBXBuildFile; fileRef = 4492B8D41C3F187B006CC877 /* Main.storyboard */; };
		4492B8D81C3F187B006CC877 /* Assets.xcassets in Resources */ = {isa = PBXBuildFile; fileRef = 4492B8D71C3F187B006CC877 /* Assets.xcassets */; };
		4492B8DB1C3F187B006CC877 /* LaunchScreen.storyboard in Resources */ = {isa = PBXBuildFile; fileRef = 4492B8D91C3F187B006CC877 /* LaunchScreen.storyboard */; };
		4492B8E61C3F187B006CC877 /* InstantInsanityTests.m in Sources */ = {isa = PBXBuildFile; fileRef = 4492B8E51C3F187B006CC877 /* InstantInsanityTests.m */; };
		4492B8F11C3F187B006CC877 /* InstantInsanityUITests.m in Sources */ = {isa = PBXBuildFile; fileRef = 4492B8F01C3F187B006CC877 /* InstantInsanityUITests.m */; };
		4492B9001C3F188C006CC877 /* Mesh.m in Sources */ = {isa = PBXBuildFile; fileRef = 4492B8FF1C3F188C006CC877 /* Mesh.m */; };
		4492B9031C3F189C006CC877 /* Shader.m in Sources */ = {isa = PBXBuildFile; fileRef = 4492B9021C3F189C006CC877 /* Shader.m */; };
		4492B9061C3F18AE006CC877 /* Texture.m in Sources */ = {isa = PBXBuildFile; fileRef = 4492B9051C3F18AE006CC877 /* Texture.m */; };
		4492B9131C400807006CC877 /* Cube.m in Sources */ = {isa = PBXBuildFile; fileRef = 4492B9121C400806006CC877 /* Cube.m */; };
		4492B9161C400D66006CC877 /* Transform.m in Sources */ = {isa = PBXBuildFile; fileRef = 4492B9151C400D66006CC877 /* Transform.m */; };
		4492B9191C401E6E006CC877 /* Constants.m in Sources */ = {isa = PBXBuildFile; fileRef = 4492B9181C401E6E006CC877 /* Constants.m */; };
		4492B92B1C4047D8006CC877 /* Game.m in Sources */ = {isa = PBXBuildFile; fileRef = 4492B92A1C4047D8006CC877 /* Game.m */; };
		44B4731F1C43020900451EB9 /* SelectionShader.fsh in Resources */ = {isa = PBXBuildFile; fileRef = 44B4731E1C43020900451EB9 /* SelectionShader.fsh */; };
		44B473211C43021300451EB9 /* SelectionShader.vsh in Resources */ = {isa = PBXBuildFile; fileRef = 44B473201C43021300451EB9 /* SelectionShader.vsh */; };
		44FDCEB71C46B2DD00EB2C0A /* Stopwatch.m in Sources */ = {isa = PBXBuildFile; fileRef = 44FDCEB61C46B2DD00EB2C0A /* Stopwatch.m */; };
		44FDCEB91C46C1E000EB2C0A /* Plane.m in Sources */ = {isa = PBXBuildFile; fileRef = 44FDCEB81C46C1E000EB2C0A /* Plane.m */; };
		44FDCEC01C46C6DB00EB2C0A /* MainMenu.m in Sources */ = {isa = PBXBuildFile; fileRef = 44FDCEBF1C46C6DB00EB2C0A /* MainMenu.m */; };
		44FDCEF01C46D82000EB2C0A /* HowToPlayMenu.m in Sources */ = {isa = PBXBuildFile; fileRef = 44FDCEEF1C46D82000EB2C0A /* HowToPlayMenu.m */; };
		44FDCEF31C46D83400EB2C0A /* PlayGameMenu.m in Sources */ = {isa = PBXBuildFile; fileRef = 44FDCEF21C46D83400EB2C0A /* PlayGameMenu.m */; };
		44FDCEF61C47078100EB2C0A /* Scene.m in Sources */ = {isa = PBXBuildFile; fileRef = 44FDCEF51C47078100EB2C0A /* Scene.m */; };
		44FDCEF91C470A8F00EB2C0A /* StandardShader.m in Sources */ = {isa = PBXBuildFile; fileRef = 44FDCEF81C470A8F00EB2C0A /* StandardShader.m */; };
		44FDCEFC1C470AA000EB2C0A /* SelectionShader.m in Sources */ = {isa = PBXBuildFile; fileRef = 44FDCEFB1C470AA000EB2C0A /* SelectionShader.m */; };
/* End PBXBuildFile section */

/* Begin PBXContainerItemProxy section */
		4492B8E21C3F187B006CC877 /* PBXContainerItemProxy */ = {
			isa = PBXContainerItemProxy;
			containerPortal = 4492B8BC1C3F187B006CC877 /* Project object */;
			proxyType = 1;
			remoteGlobalIDString = 4492B8C31C3F187B006CC877;
			remoteInfo = InstantInsanity;
		};
		4492B8ED1C3F187B006CC877 /* PBXContainerItemProxy */ = {
			isa = PBXContainerItemProxy;
			containerPortal = 4492B8BC1C3F187B006CC877 /* Project object */;
			proxyType = 1;
			remoteGlobalIDString = 4492B8C31C3F187B006CC877;
			remoteInfo = InstantInsanity;
		};
/* End PBXContainerItemProxy section */

/* Begin PBXFileReference section */
		4426F0221C415A5D000D661B /* Entity.h */ = {isa = PBXFileReference; lastKnownFileType = sourcecode.c.h; path = Entity.h; sourceTree = "<group>"; };
		4426F0231C415A65000D661B /* Entity.m */ = {isa = PBXFileReference; fileEncoding = 4; lastKnownFileType = sourcecode.c.objc; path = Entity.m; sourceTree = "<group>"; };
		4426F0251C415C79000D661B /* RenderableEntity.h */ = {isa = PBXFileReference; lastKnownFileType = sourcecode.c.h; path = RenderableEntity.h; sourceTree = "<group>"; };
		4426F0261C415C82000D661B /* RenderableEntity.m */ = {isa = PBXFileReference; fileEncoding = 4; lastKnownFileType = sourcecode.c.objc; path = RenderableEntity.m; sourceTree = "<group>"; };
		4426F0281C415F89000D661B /* Camera.h */ = {isa = PBXFileReference; lastKnownFileType = sourcecode.c.h; path = Camera.h; sourceTree = "<group>"; };
		4426F0291C415F92000D661B /* Camera.m */ = {isa = PBXFileReference; fileEncoding = 4; lastKnownFileType = sourcecode.c.objc; path = Camera.m; sourceTree = "<group>"; };
		4445F3881C418267002E82C1 /* Math3D.h */ = {isa = PBXFileReference; lastKnownFileType = sourcecode.c.h; path = Math3D.h; sourceTree = "<group>"; };
		4445F3891C41827B002E82C1 /* Math3D.m */ = {isa = PBXFileReference; fileEncoding = 4; lastKnownFileType = sourcecode.c.objc; path = Math3D.m; sourceTree = "<group>"; };
		44502DB71C460EB60056734C /* TextShader.fsh */ = {isa = PBXFileReference; fileEncoding = 4; lastKnownFileType = sourcecode.glsl; path = TextShader.fsh; sourceTree = "<group>"; };
		44502DB91C460EC10056734C /* TextShader.vsh */ = {isa = PBXFileReference; fileEncoding = 4; lastKnownFileType = sourcecode.glsl; path = TextShader.vsh; sourceTree = "<group>"; };
		44502DBB1C460F0A0056734C /* TextShader.h */ = {isa = PBXFileReference; lastKnownFileType = sourcecode.c.h; path = TextShader.h; sourceTree = "<group>"; };
		44502DBC1C460F150056734C /* TextShader.mm */ = {isa = PBXFileReference; fileEncoding = 4; lastKnownFileType = sourcecode.cpp.objcpp; path = TextShader.mm; sourceTree = "<group>"; };
		4492B8C41C3F187B006CC877 /* InstantInsanity.app */ = {isa = PBXFileReference; explicitFileType = wrapper.application; includeInIndex = 0; path = InstantInsanity.app; sourceTree = BUILT_PRODUCTS_DIR; };
		4492B8C81C3F187B006CC877 /* main.m */ = {isa = PBXFileReference; lastKnownFileType = sourcecode.c.objc; path = main.m; sourceTree = "<group>"; };
		4492B8CA1C3F187B006CC877 /* AppDelegate.h */ = {isa = PBXFileReference; lastKnownFileType = sourcecode.c.h; path = AppDelegate.h; sourceTree = "<group>"; };
		4492B8CB1C3F187B006CC877 /* AppDelegate.m */ = {isa = PBXFileReference; lastKnownFileType = sourcecode.c.objc; path = AppDelegate.m; sourceTree = "<group>"; };
		4492B8CD1C3F187B006CC877 /* StandardShader.fsh */ = {isa = PBXFileReference; lastKnownFileType = sourcecode.glsl; name = StandardShader.fsh; path = Shaders/StandardShader.fsh; sourceTree = "<group>"; };
		4492B8CF1C3F187B006CC877 /* StandardShader.vsh */ = {isa = PBXFileReference; lastKnownFileType = sourcecode.glsl; name = StandardShader.vsh; path = Shaders/StandardShader.vsh; sourceTree = "<group>"; };
		4492B8D11C3F187B006CC877 /* GameViewController.h */ = {isa = PBXFileReference; lastKnownFileType = sourcecode.c.h; path = GameViewController.h; sourceTree = "<group>"; };
		4492B8D21C3F187B006CC877 /* GameViewController.m */ = {isa = PBXFileReference; lastKnownFileType = sourcecode.c.objc; path = GameViewController.m; sourceTree = "<group>"; };
		4492B8D51C3F187B006CC877 /* Base */ = {isa = PBXFileReference; lastKnownFileType = file.storyboard; name = Base; path = Base.lproj/Main.storyboard; sourceTree = "<group>"; };
		4492B8D71C3F187B006CC877 /* Assets.xcassets */ = {isa = PBXFileReference; lastKnownFileType = folder.assetcatalog; path = Assets.xcassets; sourceTree = "<group>"; };
		4492B8DA1C3F187B006CC877 /* Base */ = {isa = PBXFileReference; lastKnownFileType = file.storyboard; name = Base; path = Base.lproj/LaunchScreen.storyboard; sourceTree = "<group>"; };
		4492B8DC1C3F187B006CC877 /* Info.plist */ = {isa = PBXFileReference; lastKnownFileType = text.plist.xml; path = Info.plist; sourceTree = "<group>"; };
		4492B8E11C3F187B006CC877 /* InstantInsanityTests.xctest */ = {isa = PBXFileReference; explicitFileType = wrapper.cfbundle; includeInIndex = 0; path = InstantInsanityTests.xctest; sourceTree = BUILT_PRODUCTS_DIR; };
		4492B8E51C3F187B006CC877 /* InstantInsanityTests.m */ = {isa = PBXFileReference; lastKnownFileType = sourcecode.c.objc; path = InstantInsanityTests.m; sourceTree = "<group>"; };
		4492B8E71C3F187B006CC877 /* Info.plist */ = {isa = PBXFileReference; lastKnownFileType = text.plist.xml; path = Info.plist; sourceTree = "<group>"; };
		4492B8EC1C3F187B006CC877 /* InstantInsanityUITests.xctest */ = {isa = PBXFileReference; explicitFileType = wrapper.cfbundle; includeInIndex = 0; path = InstantInsanityUITests.xctest; sourceTree = BUILT_PRODUCTS_DIR; };
		4492B8F01C3F187B006CC877 /* InstantInsanityUITests.m */ = {isa = PBXFileReference; lastKnownFileType = sourcecode.c.objc; path = InstantInsanityUITests.m; sourceTree = "<group>"; };
		4492B8F21C3F187B006CC877 /* Info.plist */ = {isa = PBXFileReference; lastKnownFileType = text.plist.xml; path = Info.plist; sourceTree = "<group>"; };
		4492B8FE1C3F1884006CC877 /* Mesh.h */ = {isa = PBXFileReference; lastKnownFileType = sourcecode.c.h; path = Mesh.h; sourceTree = "<group>"; };
		4492B8FF1C3F188C006CC877 /* Mesh.m */ = {isa = PBXFileReference; fileEncoding = 4; lastKnownFileType = sourcecode.c.objc; path = Mesh.m; sourceTree = "<group>"; };
		4492B9011C3F1893006CC877 /* Shader.h */ = {isa = PBXFileReference; lastKnownFileType = sourcecode.c.h; path = Shader.h; sourceTree = "<group>"; };
		4492B9021C3F189C006CC877 /* Shader.m */ = {isa = PBXFileReference; fileEncoding = 4; lastKnownFileType = sourcecode.c.objc; path = Shader.m; sourceTree = "<group>"; };
		4492B9041C3F18A4006CC877 /* Texture.h */ = {isa = PBXFileReference; lastKnownFileType = sourcecode.c.h; path = Texture.h; sourceTree = "<group>"; };
		4492B9051C3F18AE006CC877 /* Texture.m */ = {isa = PBXFileReference; fileEncoding = 4; lastKnownFileType = sourcecode.c.objc; path = Texture.m; sourceTree = "<group>"; };
		4492B9111C4007BE006CC877 /* Cube.h */ = {isa = PBXFileReference; lastKnownFileType = sourcecode.c.h; path = Cube.h; sourceTree = "<group>"; };
		4492B9121C400806006CC877 /* Cube.m */ = {isa = PBXFileReference; fileEncoding = 4; lastKnownFileType = sourcecode.c.objc; path = Cube.m; sourceTree = "<group>"; };
		4492B9141C400D5E006CC877 /* Transform.h */ = {isa = PBXFileReference; lastKnownFileType = sourcecode.c.h; path = Transform.h; sourceTree = "<group>"; };
		4492B9151C400D66006CC877 /* Transform.m */ = {isa = PBXFileReference; fileEncoding = 4; lastKnownFileType = sourcecode.c.objc; path = Transform.m; sourceTree = "<group>"; };
		4492B9171C401E64006CC877 /* Constants.h */ = {isa = PBXFileReference; lastKnownFileType = sourcecode.c.h; path = Constants.h; sourceTree = "<group>"; };
		4492B9181C401E6E006CC877 /* Constants.m */ = {isa = PBXFileReference; fileEncoding = 4; lastKnownFileType = sourcecode.c.objc; path = Constants.m; sourceTree = "<group>"; };
		4492B92A1C4047D8006CC877 /* Game.m */ = {isa = PBXFileReference; fileEncoding = 4; lastKnownFileType = sourcecode.c.objc; path = Game.m; sourceTree = "<group>"; };
		4492B92C1C4047E3006CC877 /* Game.h */ = {isa = PBXFileReference; lastKnownFileType = sourcecode.c.h; path = Game.h; sourceTree = "<group>"; };
		44B4731E1C43020900451EB9 /* SelectionShader.fsh */ = {isa = PBXFileReference; fileEncoding = 4; lastKnownFileType = sourcecode.glsl; path = SelectionShader.fsh; sourceTree = "<group>"; };
		44B473201C43021300451EB9 /* SelectionShader.vsh */ = {isa = PBXFileReference; fileEncoding = 4; lastKnownFileType = sourcecode.glsl; path = SelectionShader.vsh; sourceTree = "<group>"; };
		44FDCEB51C46B2D300EB2C0A /* Stopwatch.h */ = {isa = PBXFileReference; lastKnownFileType = sourcecode.c.h; path = Stopwatch.h; sourceTree = "<group>"; };
		44FDCEB61C46B2DD00EB2C0A /* Stopwatch.m */ = {isa = PBXFileReference; fileEncoding = 4; lastKnownFileType = sourcecode.c.objc; path = Stopwatch.m; sourceTree = "<group>"; };
		44FDCEB81C46C1E000EB2C0A /* Plane.m */ = {isa = PBXFileReference; fileEncoding = 4; lastKnownFileType = sourcecode.c.objc; path = Plane.m; sourceTree = "<group>"; };
		44FDCEBA1C46C1EB00EB2C0A /* Plane.h */ = {isa = PBXFileReference; lastKnownFileType = sourcecode.c.h; path = Plane.h; sourceTree = "<group>"; };
		44FDCEBE1C46C6CD00EB2C0A /* MainMenu.h */ = {isa = PBXFileReference; lastKnownFileType = sourcecode.c.h; path = MainMenu.h; sourceTree = "<group>"; };
		44FDCEBF1C46C6DB00EB2C0A /* MainMenu.m */ = {isa = PBXFileReference; fileEncoding = 4; lastKnownFileType = sourcecode.c.objc; path = MainMenu.m; sourceTree = "<group>"; };
		44FDCEEE1C46D81700EB2C0A /* HowToPlayMenu.h */ = {isa = PBXFileReference; lastKnownFileType = sourcecode.c.h; path = HowToPlayMenu.h; sourceTree = "<group>"; };
		44FDCEEF1C46D82000EB2C0A /* HowToPlayMenu.m */ = {isa = PBXFileReference; fileEncoding = 4; lastKnownFileType = sourcecode.c.objc; path = HowToPlayMenu.m; sourceTree = "<group>"; };
		44FDCEF11C46D82B00EB2C0A /* PlayGameMenu.h */ = {isa = PBXFileReference; lastKnownFileType = sourcecode.c.h; path = PlayGameMenu.h; sourceTree = "<group>"; };
		44FDCEF21C46D83400EB2C0A /* PlayGameMenu.m */ = {isa = PBXFileReference; fileEncoding = 4; lastKnownFileType = sourcecode.c.objc; path = PlayGameMenu.m; sourceTree = "<group>"; };
		44FDCEF41C47077800EB2C0A /* Scene.h */ = {isa = PBXFileReference; lastKnownFileType = sourcecode.c.h; path = Scene.h; sourceTree = "<group>"; };
		44FDCEF51C47078100EB2C0A /* Scene.m */ = {isa = PBXFileReference; fileEncoding = 4; lastKnownFileType = sourcecode.c.objc; path = Scene.m; sourceTree = "<group>"; };
		44FDCEF71C470A8600EB2C0A /* StandardShader.h */ = {isa = PBXFileReference; lastKnownFileType = sourcecode.c.h; path = StandardShader.h; sourceTree = "<group>"; };
		44FDCEF81C470A8F00EB2C0A /* StandardShader.m */ = {isa = PBXFileReference; fileEncoding = 4; lastKnownFileType = sourcecode.c.objc; path = StandardShader.m; sourceTree = "<group>"; };
		44FDCEFA1C470A9700EB2C0A /* SelectionShader.h */ = {isa = PBXFileReference; lastKnownFileType = sourcecode.c.h; path = SelectionShader.h; sourceTree = "<group>"; };
		44FDCEFB1C470AA000EB2C0A /* SelectionShader.m */ = {isa = PBXFileReference; fileEncoding = 4; lastKnownFileType = sourcecode.c.objc; path = SelectionShader.m; sourceTree = "<group>"; };
/* End PBXFileReference section */

/* Begin PBXFrameworksBuildPhase section */
		4492B8C11C3F187B006CC877 /* Frameworks */ = {
			isa = PBXFrameworksBuildPhase;
			buildActionMask = 2147483647;
			files = (
			);
			runOnlyForDeploymentPostprocessing = 0;
		};
		4492B8DE1C3F187B006CC877 /* Frameworks */ = {
			isa = PBXFrameworksBuildPhase;
			buildActionMask = 2147483647;
			files = (
			);
			runOnlyForDeploymentPostprocessing = 0;
		};
		4492B8E91C3F187B006CC877 /* Frameworks */ = {
			isa = PBXFrameworksBuildPhase;
			buildActionMask = 2147483647;
			files = (
			);
			runOnlyForDeploymentPostprocessing = 0;
		};
/* End PBXFrameworksBuildPhase section */

/* Begin PBXGroup section */
		4492B8BB1C3F187B006CC877 = {
			isa = PBXGroup;
			children = (
				4492B8C61C3F187B006CC877 /* InstantInsanity */,
				4492B8E41C3F187B006CC877 /* InstantInsanityTests */,
				4492B8EF1C3F187B006CC877 /* InstantInsanityUITests */,
				4492B8C51C3F187B006CC877 /* Products */,
			);
			sourceTree = "<group>";
		};
		4492B8C51C3F187B006CC877 /* Products */ = {
			isa = PBXGroup;
			children = (
				4492B8C41C3F187B006CC877 /* InstantInsanity.app */,
				4492B8E11C3F187B006CC877 /* InstantInsanityTests.xctest */,
				4492B8EC1C3F187B006CC877 /* InstantInsanityUITests.xctest */,
			);
			name = Products;
			sourceTree = "<group>";
		};
		4492B8C61C3F187B006CC877 /* InstantInsanity */ = {
			isa = PBXGroup;
			children = (
				44FDCEC11C46C6E900EB2C0A /* Scenes */,
				44FDCEBC1C46C21F00EB2C0A /* Mesh */,
				44FDCEBB1C46C20100EB2C0A /* Rendering */,
				4426F0221C415A5D000D661B /* Entity.h */,
				4426F0231C415A65000D661B /* Entity.m */,
				4426F0251C415C79000D661B /* RenderableEntity.h */,
				4426F0261C415C82000D661B /* RenderableEntity.m */,
				44FDCEB51C46B2D300EB2C0A /* Stopwatch.h */,
				44FDCEB61C46B2DD00EB2C0A /* Stopwatch.m */,
				4426F0281C415F89000D661B /* Camera.h */,
				4426F0291C415F92000D661B /* Camera.m */,
				4445F3881C418267002E82C1 /* Math3D.h */,
				4445F3891C41827B002E82C1 /* Math3D.m */,
				4492B8D11C3F187B006CC877 /* GameViewController.h */,
				4492B8D21C3F187B006CC877 /* GameViewController.m */,
				4492B9171C401E64006CC877 /* Constants.h */,
				4492B9181C401E6E006CC877 /* Constants.m */,
				4492B8CA1C3F187B006CC877 /* AppDelegate.h */,
				4492B8CB1C3F187B006CC877 /* AppDelegate.m */,
				4492B8D71C3F187B006CC877 /* Assets.xcassets */,
				4492B8DC1C3F187B006CC877 /* Info.plist */,
				4492B8D41C3F187B006CC877 /* Main.storyboard */,
				4492B8D91C3F187B006CC877 /* LaunchScreen.storyboard */,
				4492B8C71C3F187B006CC877 /* Supporting Files */,
			);
			path = InstantInsanity;
			sourceTree = "<group>";
		};
		4492B8C71C3F187B006CC877 /* Supporting Files */ = {
			isa = PBXGroup;
			children = (
				4492B8C81C3F187B006CC877 /* main.m */,
			);
			name = "Supporting Files";
			sourceTree = "<group>";
		};
		4492B8E41C3F187B006CC877 /* InstantInsanityTests */ = {
			isa = PBXGroup;
			children = (
				4492B8E51C3F187B006CC877 /* InstantInsanityTests.m */,
				4492B8E71C3F187B006CC877 /* Info.plist */,
			);
			path = InstantInsanityTests;
			sourceTree = "<group>";
		};
		4492B8EF1C3F187B006CC877 /* InstantInsanityUITests */ = {
			isa = PBXGroup;
			children = (
				4492B8F01C3F187B006CC877 /* InstantInsanityUITests.m */,
				4492B8F21C3F187B006CC877 /* Info.plist */,
			);
			path = InstantInsanityUITests;
			sourceTree = "<group>";
		};
		44FDCEBB1C46C20100EB2C0A /* Rendering */ = {
			isa = PBXGroup;
			children = (
				44FDCEBD1C46C23200EB2C0A /* Shaders */,
				4492B9011C3F1893006CC877 /* Shader.h */,
				4492B9021C3F189C006CC877 /* Shader.m */,
				44502DBB1C460F0A0056734C /* TextShader.h */,
				44502DBC1C460F150056734C /* TextShader.mm */,
				4492B9041C3F18A4006CC877 /* Texture.h */,
				4492B9051C3F18AE006CC877 /* Texture.m */,
				44FDCEF71C470A8600EB2C0A /* StandardShader.h */,
				44FDCEF81C470A8F00EB2C0A /* StandardShader.m */,
				44FDCEFA1C470A9700EB2C0A /* SelectionShader.h */,
				44FDCEFB1C470AA000EB2C0A /* SelectionShader.m */,
			);
			name = Rendering;
			sourceTree = "<group>";
		};
		44FDCEBC1C46C21F00EB2C0A /* Mesh */ = {
			isa = PBXGroup;
			children = (
				4492B9141C400D5E006CC877 /* Transform.h */,
				4492B9151C400D66006CC877 /* Transform.m */,
				4492B8FE1C3F1884006CC877 /* Mesh.h */,
				4492B8FF1C3F188C006CC877 /* Mesh.m */,
				4492B9111C4007BE006CC877 /* Cube.h */,
				4492B9121C400806006CC877 /* Cube.m */,
				44FDCEBA1C46C1EB00EB2C0A /* Plane.h */,
				44FDCEB81C46C1E000EB2C0A /* Plane.m */,
			);
			name = Mesh;
			sourceTree = "<group>";
		};
		44FDCEBD1C46C23200EB2C0A /* Shaders */ = {
			isa = PBXGroup;
			children = (
				44502DB71C460EB60056734C /* TextShader.fsh */,
				44502DB91C460EC10056734C /* TextShader.vsh */,
				44B4731E1C43020900451EB9 /* SelectionShader.fsh */,
				44B473201C43021300451EB9 /* SelectionShader.vsh */,
				4492B8CD1C3F187B006CC877 /* StandardShader.fsh */,
				4492B8CF1C3F187B006CC877 /* StandardShader.vsh */,
			);
			name = Shaders;
			sourceTree = "<group>";
		};
		44FDCEC11C46C6E900EB2C0A /* Scenes */ = {
			isa = PBXGroup;
			children = (
				44FDCEBE1C46C6CD00EB2C0A /* MainMenu.h */,
				44FDCEBF1C46C6DB00EB2C0A /* MainMenu.m */,
				44FDCEEE1C46D81700EB2C0A /* HowToPlayMenu.h */,
				44FDCEEF1C46D82000EB2C0A /* HowToPlayMenu.m */,
				44FDCEF11C46D82B00EB2C0A /* PlayGameMenu.h */,
				44FDCEF21C46D83400EB2C0A /* PlayGameMenu.m */,
				4492B92C1C4047E3006CC877 /* Game.h */,
				4492B92A1C4047D8006CC877 /* Game.m */,
				44FDCEF41C47077800EB2C0A /* Scene.h */,
				44FDCEF51C47078100EB2C0A /* Scene.m */,
			);
			name = Scenes;
			sourceTree = "<group>";
		};
/* End PBXGroup section */

/* Begin PBXNativeTarget section */
		4492B8C31C3F187B006CC877 /* InstantInsanity */ = {
			isa = PBXNativeTarget;
			buildConfigurationList = 4492B8F51C3F187B006CC877 /* Build configuration list for PBXNativeTarget "InstantInsanity" */;
			buildPhases = (
				4492B8C01C3F187B006CC877 /* Sources */,
				4492B8C11C3F187B006CC877 /* Frameworks */,
				4492B8C21C3F187B006CC877 /* Resources */,
			);
			buildRules = (
			);
			dependencies = (
			);
			name = InstantInsanity;
			productName = InstantInsanity;
			productReference = 4492B8C41C3F187B006CC877 /* InstantInsanity.app */;
			productType = "com.apple.product-type.application";
		};
		4492B8E01C3F187B006CC877 /* InstantInsanityTests */ = {
			isa = PBXNativeTarget;
			buildConfigurationList = 4492B8F81C3F187B006CC877 /* Build configuration list for PBXNativeTarget "InstantInsanityTests" */;
			buildPhases = (
				4492B8DD1C3F187B006CC877 /* Sources */,
				4492B8DE1C3F187B006CC877 /* Frameworks */,
				4492B8DF1C3F187B006CC877 /* Resources */,
			);
			buildRules = (
			);
			dependencies = (
				4492B8E31C3F187B006CC877 /* PBXTargetDependency */,
			);
			name = InstantInsanityTests;
			productName = InstantInsanityTests;
			productReference = 4492B8E11C3F187B006CC877 /* InstantInsanityTests.xctest */;
			productType = "com.apple.product-type.bundle.unit-test";
		};
		4492B8EB1C3F187B006CC877 /* InstantInsanityUITests */ = {
			isa = PBXNativeTarget;
			buildConfigurationList = 4492B8FB1C3F187B006CC877 /* Build configuration list for PBXNativeTarget "InstantInsanityUITests" */;
			buildPhases = (
				4492B8E81C3F187B006CC877 /* Sources */,
				4492B8E91C3F187B006CC877 /* Frameworks */,
				4492B8EA1C3F187B006CC877 /* Resources */,
			);
			buildRules = (
			);
			dependencies = (
				4492B8EE1C3F187B006CC877 /* PBXTargetDependency */,
			);
			name = InstantInsanityUITests;
			productName = InstantInsanityUITests;
			productReference = 4492B8EC1C3F187B006CC877 /* InstantInsanityUITests.xctest */;
			productType = "com.apple.product-type.bundle.ui-testing";
		};
/* End PBXNativeTarget section */

/* Begin PBXProject section */
		4492B8BC1C3F187B006CC877 /* Project object */ = {
			isa = PBXProject;
			attributes = {
				LastUpgradeCheck = 0720;
				ORGANIZATIONNAME = "Craig Milby";
				TargetAttributes = {
					4492B8C31C3F187B006CC877 = {
						CreatedOnToolsVersion = 7.2;
						DevelopmentTeam = 269X336YZ3;
					};
					4492B8E01C3F187B006CC877 = {
						CreatedOnToolsVersion = 7.2;
						TestTargetID = 4492B8C31C3F187B006CC877;
					};
					4492B8EB1C3F187B006CC877 = {
						CreatedOnToolsVersion = 7.2;
						TestTargetID = 4492B8C31C3F187B006CC877;
					};
				};
			};
			buildConfigurationList = 4492B8BF1C3F187B006CC877 /* Build configuration list for PBXProject "InstantInsanity" */;
			compatibilityVersion = "Xcode 3.2";
			developmentRegion = English;
			hasScannedForEncodings = 0;
			knownRegions = (
				en,
				Base,
			);
			mainGroup = 4492B8BB1C3F187B006CC877;
			productRefGroup = 4492B8C51C3F187B006CC877 /* Products */;
			projectDirPath = "";
			projectRoot = "";
			targets = (
				4492B8C31C3F187B006CC877 /* InstantInsanity */,
				4492B8E01C3F187B006CC877 /* InstantInsanityTests */,
				4492B8EB1C3F187B006CC877 /* InstantInsanityUITests */,
			);
		};
/* End PBXProject section */

/* Begin PBXResourcesBuildPhase section */
		4492B8C21C3F187B006CC877 /* Resources */ = {
			isa = PBXResourcesBuildPhase;
			buildActionMask = 2147483647;
			files = (
				4492B8D61C3F187B006CC877 /* Main.storyboard in Resources */,
				44502DB81C460EB60056734C /* TextShader.fsh in Resources */,
				44B4731F1C43020900451EB9 /* SelectionShader.fsh in Resources */,
				4492B8D01C3F187B006CC877 /* StandardShader.vsh in Resources */,
				4492B8D81C3F187B006CC877 /* Assets.xcassets in Resources */,
				44B473211C43021300451EB9 /* SelectionShader.vsh in Resources */,
				4492B8DB1C3F187B006CC877 /* LaunchScreen.storyboard in Resources */,
				4492B8CE1C3F187B006CC877 /* StandardShader.fsh in Resources */,
				44502DBA1C460EC10056734C /* TextShader.vsh in Resources */,
			);
			runOnlyForDeploymentPostprocessing = 0;
		};
		4492B8DF1C3F187B006CC877 /* Resources */ = {
			isa = PBXResourcesBuildPhase;
			buildActionMask = 2147483647;
			files = (
			);
			runOnlyForDeploymentPostprocessing = 0;
		};
		4492B8EA1C3F187B006CC877 /* Resources */ = {
			isa = PBXResourcesBuildPhase;
			buildActionMask = 2147483647;
			files = (
			);
			runOnlyForDeploymentPostprocessing = 0;
		};
/* End PBXResourcesBuildPhase section */

/* Begin PBXSourcesBuildPhase section */
		4492B8C01C3F187B006CC877 /* Sources */ = {
			isa = PBXSourcesBuildPhase;
			buildActionMask = 2147483647;
			files = (
				4492B8CC1C3F187B006CC877 /* AppDelegate.m in Sources */,
				44FDCEF01C46D82000EB2C0A /* HowToPlayMenu.m in Sources */,
				4492B8D31C3F187B006CC877 /* GameViewController.m in Sources */,
				4426F0271C415C82000D661B /* RenderableEntity.m in Sources */,
				44FDCEB71C46B2DD00EB2C0A /* Stopwatch.m in Sources */,
				4492B9161C400D66006CC877 /* Transform.m in Sources */,
				44FDCEB91C46C1E000EB2C0A /* Plane.m in Sources */,
				4492B9001C3F188C006CC877 /* Mesh.m in Sources */,
				4492B9061C3F18AE006CC877 /* Texture.m in Sources */,
				4492B92B1C4047D8006CC877 /* Game.m in Sources */,
				4492B8C91C3F187B006CC877 /* main.m in Sources */,
				4492B9031C3F189C006CC877 /* Shader.m in Sources */,
				44FDCEF61C47078100EB2C0A /* Scene.m in Sources */,
				4445F38A1C41827B002E82C1 /* Math3D.m in Sources */,
				44FDCEFC1C470AA000EB2C0A /* SelectionShader.m in Sources */,
				4492B9131C400807006CC877 /* Cube.m in Sources */,
				44502DBD1C460F150056734C /* TextShader.mm in Sources */,
				4492B9191C401E6E006CC877 /* Constants.m in Sources */,
				44FDCEF91C470A8F00EB2C0A /* StandardShader.m in Sources */,
				4426F0241C415A65000D661B /* Entity.m in Sources */,
				4426F02A1C415F92000D661B /* Camera.m in Sources */,
				44FDCEF31C46D83400EB2C0A /* PlayGameMenu.m in Sources */,
				44FDCEC01C46C6DB00EB2C0A /* MainMenu.m in Sources */,
			);
			runOnlyForDeploymentPostprocessing = 0;
		};
		4492B8DD1C3F187B006CC877 /* Sources */ = {
			isa = PBXSourcesBuildPhase;
			buildActionMask = 2147483647;
			files = (
				4492B8E61C3F187B006CC877 /* InstantInsanityTests.m in Sources */,
			);
			runOnlyForDeploymentPostprocessing = 0;
		};
		4492B8E81C3F187B006CC877 /* Sources */ = {
			isa = PBXSourcesBuildPhase;
			buildActionMask = 2147483647;
			files = (
				4492B8F11C3F187B006CC877 /* InstantInsanityUITests.m in Sources */,
			);
			runOnlyForDeploymentPostprocessing = 0;
		};
/* End PBXSourcesBuildPhase section */

/* Begin PBXTargetDependency section */
		4492B8E31C3F187B006CC877 /* PBXTargetDependency */ = {
			isa = PBXTargetDependency;
			target = 4492B8C31C3F187B006CC877 /* InstantInsanity */;
			targetProxy = 4492B8E21C3F187B006CC877 /* PBXContainerItemProxy */;
		};
		4492B8EE1C3F187B006CC877 /* PBXTargetDependency */ = {
			isa = PBXTargetDependency;
			target = 4492B8C31C3F187B006CC877 /* InstantInsanity */;
			targetProxy = 4492B8ED1C3F187B006CC877 /* PBXContainerItemProxy */;
		};
/* End PBXTargetDependency section */

/* Begin PBXVariantGroup section */
		4492B8D41C3F187B006CC877 /* Main.storyboard */ = {
			isa = PBXVariantGroup;
			children = (
				4492B8D51C3F187B006CC877 /* Base */,
			);
			name = Main.storyboard;
			sourceTree = "<group>";
		};
		4492B8D91C3F187B006CC877 /* LaunchScreen.storyboard */ = {
			isa = PBXVariantGroup;
			children = (
				4492B8DA1C3F187B006CC877 /* Base */,
			);
			name = LaunchScreen.storyboard;
			sourceTree = "<group>";
		};
/* End PBXVariantGroup section */

/* Begin XCBuildConfiguration section */
		4492B8F31C3F187B006CC877 /* Debug */ = {
			isa = XCBuildConfiguration;
			buildSettings = {
				ALWAYS_SEARCH_USER_PATHS = NO;
				CLANG_CXX_LANGUAGE_STANDARD = "gnu++0x";
				CLANG_CXX_LIBRARY = "libc++";
				CLANG_ENABLE_MODULES = YES;
				CLANG_ENABLE_OBJC_ARC = YES;
				CLANG_WARN_BOOL_CONVERSION = YES;
				CLANG_WARN_CONSTANT_CONVERSION = YES;
				CLANG_WARN_DIRECT_OBJC_ISA_USAGE = YES_ERROR;
				CLANG_WARN_EMPTY_BODY = YES;
				CLANG_WARN_ENUM_CONVERSION = YES;
				CLANG_WARN_INT_CONVERSION = YES;
				CLANG_WARN_OBJC_ROOT_CLASS = YES_ERROR;
				CLANG_WARN_UNREACHABLE_CODE = YES;
				CLANG_WARN__DUPLICATE_METHOD_MATCH = YES;
				"CODE_SIGN_IDENTITY[sdk=iphoneos*]" = "iPhone Developer";
				COPY_PHASE_STRIP = NO;
				DEBUG_INFORMATION_FORMAT = "dwarf-with-dsym";
				ENABLE_STRICT_OBJC_MSGSEND = YES;
				ENABLE_TESTABILITY = YES;
				GCC_C_LANGUAGE_STANDARD = gnu99;
				GCC_DYNAMIC_NO_PIC = NO;
				GCC_NO_COMMON_BLOCKS = YES;
				GCC_OPTIMIZATION_LEVEL = 0;
				GCC_PREPROCESSOR_DEFINITIONS = (
					"DEBUG=1",
					"$(inherited)",
				);
				GCC_WARN_64_TO_32_BIT_CONVERSION = YES;
				GCC_WARN_ABOUT_RETURN_TYPE = YES_ERROR;
				GCC_WARN_UNDECLARED_SELECTOR = YES;
				GCC_WARN_UNINITIALIZED_AUTOS = YES_AGGRESSIVE;
				GCC_WARN_UNUSED_FUNCTION = YES;
				GCC_WARN_UNUSED_VARIABLE = YES;
				IPHONEOS_DEPLOYMENT_TARGET = 9.2;
				MTL_ENABLE_DEBUG_INFO = YES;
				ONLY_ACTIVE_ARCH = YES;
				SDKROOT = iphoneos;
			};
			name = Debug;
		};
		4492B8F41C3F187B006CC877 /* Release */ = {
			isa = XCBuildConfiguration;
			buildSettings = {
				ALWAYS_SEARCH_USER_PATHS = NO;
				CLANG_CXX_LANGUAGE_STANDARD = "gnu++0x";
				CLANG_CXX_LIBRARY = "libc++";
				CLANG_ENABLE_MODULES = YES;
				CLANG_ENABLE_OBJC_ARC = YES;
				CLANG_WARN_BOOL_CONVERSION = YES;
				CLANG_WARN_CONSTANT_CONVERSION = YES;
				CLANG_WARN_DIRECT_OBJC_ISA_USAGE = YES_ERROR;
				CLANG_WARN_EMPTY_BODY = YES;
				CLANG_WARN_ENUM_CONVERSION = YES;
				CLANG_WARN_INT_CONVERSION = YES;
				CLANG_WARN_OBJC_ROOT_CLASS = YES_ERROR;
				CLANG_WARN_UNREACHABLE_CODE = YES;
				CLANG_WARN__DUPLICATE_METHOD_MATCH = YES;
				"CODE_SIGN_IDENTITY[sdk=iphoneos*]" = "iPhone Developer";
				COPY_PHASE_STRIP = NO;
				DEBUG_INFORMATION_FORMAT = "dwarf-with-dsym";
				ENABLE_NS_ASSERTIONS = NO;
				ENABLE_STRICT_OBJC_MSGSEND = YES;
				GCC_C_LANGUAGE_STANDARD = gnu99;
				GCC_NO_COMMON_BLOCKS = YES;
				GCC_WARN_64_TO_32_BIT_CONVERSION = YES;
				GCC_WARN_ABOUT_RETURN_TYPE = YES_ERROR;
				GCC_WARN_UNDECLARED_SELECTOR = YES;
				GCC_WARN_UNINITIALIZED_AUTOS = YES_AGGRESSIVE;
				GCC_WARN_UNUSED_FUNCTION = YES;
				GCC_WARN_UNUSED_VARIABLE = YES;
				IPHONEOS_DEPLOYMENT_TARGET = 9.2;
				MTL_ENABLE_DEBUG_INFO = NO;
				SDKROOT = iphoneos;
				VALIDATE_PRODUCT = YES;
			};
			name = Release;
		};
		4492B8F61C3F187B006CC877 /* Debug */ = {
			isa = XCBuildConfiguration;
			buildSettings = {
				ASSETCATALOG_COMPILER_APPICON_NAME = AppIcon;
				CODE_SIGN_IDENTITY = "iPhone Developer";
				"CODE_SIGN_IDENTITY[sdk=iphoneos*]" = "iPhone Developer";
				INFOPLIST_FILE = InstantInsanity/Info.plist;
				LD_RUNPATH_SEARCH_PATHS = "$(inherited) @executable_path/Frameworks";
				PRODUCT_BUNDLE_IDENTIFIER = me.cmilby.InstantInsanity;
				PRODUCT_NAME = "$(TARGET_NAME)";
				PROVISIONING_PROFILE = "";
				TARGETED_DEVICE_FAMILY = "1,2";
			};
			name = Debug;
		};
		4492B8F71C3F187B006CC877 /* Release */ = {
			isa = XCBuildConfiguration;
			buildSettings = {
				ASSETCATALOG_COMPILER_APPICON_NAME = AppIcon;
				CODE_SIGN_IDENTITY = "iPhone Developer";
				"CODE_SIGN_IDENTITY[sdk=iphoneos*]" = "iPhone Developer";
				INFOPLIST_FILE = InstantInsanity/Info.plist;
				LD_RUNPATH_SEARCH_PATHS = "$(inherited) @executable_path/Frameworks";
				PRODUCT_BUNDLE_IDENTIFIER = me.cmilby.InstantInsanity;
				PRODUCT_NAME = "$(TARGET_NAME)";
				PROVISIONING_PROFILE = "";
				TARGETED_DEVICE_FAMILY = "1,2";
			};
			name = Release;
		};
		4492B8F91C3F187B006CC877 /* Debug */ = {
			isa = XCBuildConfiguration;
			buildSettings = {
				BUNDLE_LOADER = "$(TEST_HOST)";
				DEBUG_INFORMATION_FORMAT = dwarf;
				INFOPLIST_FILE = InstantInsanityTests/Info.plist;
				LD_RUNPATH_SEARCH_PATHS = "$(inherited) @executable_path/Frameworks @loader_path/Frameworks";
				PRODUCT_BUNDLE_IDENTIFIER = me.cmilby.InstantInsanityTests;
				PRODUCT_NAME = "$(TARGET_NAME)";
				TEST_HOST = "$(BUILT_PRODUCTS_DIR)/InstantInsanity.app/InstantInsanity";
			};
			name = Debug;
		};
		4492B8FA1C3F187B006CC877 /* Release */ = {
			isa = XCBuildConfiguration;
			buildSettings = {
				BUNDLE_LOADER = "$(TEST_HOST)";
				INFOPLIST_FILE = InstantInsanityTests/Info.plist;
				LD_RUNPATH_SEARCH_PATHS = "$(inherited) @executable_path/Frameworks @loader_path/Frameworks";
				PRODUCT_BUNDLE_IDENTIFIER = me.cmilby.InstantInsanityTests;
				PRODUCT_NAME = "$(TARGET_NAME)";
				TEST_HOST = "$(BUILT_PRODUCTS_DIR)/InstantInsanity.app/InstantInsanity";
			};
			name = Release;
		};
		4492B8FC1C3F187B006CC877 /* Debug */ = {
			isa = XCBuildConfiguration;
			buildSettings = {
				DEBUG_INFORMATION_FORMAT = dwarf;
				INFOPLIST_FILE = InstantInsanityUITests/Info.plist;
				LD_RUNPATH_SEARCH_PATHS = "$(inherited) @executable_path/Frameworks @loader_path/Frameworks";
				PRODUCT_BUNDLE_IDENTIFIER = me.cmilby.InstantInsanityUITests;
				PRODUCT_NAME = "$(TARGET_NAME)";
				TEST_TARGET_NAME = InstantInsanity;
				USES_XCTRUNNER = YES;
			};
			name = Debug;
		};
		4492B8FD1C3F187B006CC877 /* Release */ = {
			isa = XCBuildConfiguration;
			buildSettings = {
				INFOPLIST_FILE = InstantInsanityUITests/Info.plist;
				LD_RUNPATH_SEARCH_PATHS = "$(inherited) @executable_path/Frameworks @loader_path/Frameworks";
				PRODUCT_BUNDLE_IDENTIFIER = me.cmilby.InstantInsanityUITests;
				PRODUCT_NAME = "$(TARGET_NAME)";
				TEST_TARGET_NAME = InstantInsanity;
				USES_XCTRUNNER = YES;
			};
			name = Release;
		};
/* End XCBuildConfiguration section */

/* Begin XCConfigurationList section */
		4492B8BF1C3F187B006CC877 /* Build configuration list for PBXProject "InstantInsanity" */ = {
			isa = XCConfigurationList;
			buildConfigurations = (
				4492B8F31C3F187B006CC877 /* Debug */,
				4492B8F41C3F187B006CC877 /* Release */,
			);
			defaultConfigurationIsVisible = 0;
			defaultConfigurationName = Release;
		};
		4492B8F51C3F187B006CC877 /* Build configuration list for PBXNativeTarget "InstantInsanity" */ = {
			isa = XCConfigurationList;
			buildConfigurations = (
				4492B8F61C3F187B006CC877 /* Debug */,
				4492B8F71C3F187B006CC877 /* Release */,
			);
			defaultConfigurationIsVisible = 0;
			defaultConfigurationName = Release;
		};
		4492B8F81C3F187B006CC877 /* Build configuration list for PBXNativeTarget "InstantInsanityTests" */ = {
			isa = XCConfigurationList;
			buildConfigurations = (
				4492B8F91C3F187B006CC877 /* Debug */,
				4492B8FA1C3F187B006CC877 /* Release */,
			);
			defaultConfigurationIsVisible = 0;
			defaultConfigurationName = Release;
		};
		4492B8FB1C3F187B006CC877 /* Build configuration list for PBXNativeTarget "InstantInsanityUITests" */ = {
			isa = XCConfigurationList;
			buildConfigurations = (
				4492B8FC1C3F187B006CC877 /* Debug */,
				4492B8FD1C3F187B006CC877 /* Release */,
			);
			defaultConfigurationIsVisible = 0;
			defaultConfigurationName = Release;
		};
/* End XCConfigurationList section */
	};
	rootObject = 4492B8BC1C3F187B006CC877 /* Project object */;
}
